{
  "name": "angular-wrapper-kendo-ui",
  "version": "0.0.5",
  "lockfileVersion": 1,
  "requires": true,
  "dependencies": {
    "@progress/kendo-ui": {
      "version": "2018.2.806",
      "resolved": "https://registry.npmjs.org/@progress/kendo-ui/-/kendo-ui-2018.2.806.tgz",
      "integrity": "sha512-xmmN+r3WNLRarJTfwTRHB/ENuukR56Uuj2onzPn9LsptwD9VnfC6wM+LgzZAVPw458dkaVBQbxqPfgMG2U1+Rg==",
      "dev": true,
      "requires": {
        "jquery": "3.3.1"
      },
      "dependencies": {
        "jquery": {
          "version": "3.3.1",
          "resolved": "https://registry.npmjs.org/jquery/-/jquery-3.3.1.tgz",
          "integrity": "sha512-Ubldcmxp5np52/ENotGxlLe6aGMvmF4R8S6tZjsP6Knsaxd/xp3Zrh50cG93lR6nPXyUFwzN3ZSOQI0wRJNdGg==",
          "dev": true
        }
      }
    },
    "@types/jquery": {
      "version": "3.3.6",
      "resolved": "https://registry.npmjs.org/@types/jquery/-/jquery-3.3.6.tgz",
      "integrity": "sha512-403D4wN95Mtzt2EoQHARf5oe/jEPhzBOBNrunk+ydQGW8WmkQ/E8rViRAEB1qEt/vssfGfNVD6ujP4FVeegrLg==",
      "dev": true
    },
    "@types/kendo-ui": {
      "version": "2018.2.3",
      "resolved": "https://registry.npmjs.org/@types/kendo-ui/-/kendo-ui-2018.2.3.tgz",
      "integrity": "sha512-UDhyW5eNYNSp7MmhpKoWP/ACJa+4nl7jSP7TKwkuHT4aonS775qPjNJvV8iELvz1vMzDWba0QB/0CIDFy5TUhQ==",
      "dev": true,
      "requires": {
        "@types/jquery": "3.3.6"
      }
    },
    "@types/node": {
      "version": "8.9.5",
      "resolved": "https://registry.npmjs.org/@types/node/-/node-8.9.5.tgz",
      "integrity": "sha512-jRHfWsvyMtXdbhnz5CVHxaBgnV6duZnPlQuRSo/dm/GnmikNcmZhxIES4E9OZjUmQ8C+HCl4KJux+cXN/ErGDQ==",
      "dev": true
    },
    "jquery": {
      "version": "3.4.0",
      "resolved": "https://registry.npmjs.org/jquery/-/jquery-3.4.0.tgz",
      "integrity": "sha512-ggRCXln9zEqv6OqAGXFEcshF5dSBvCkzj6Gm2gzuR5fWawaX8t7cxKVkkygKODrDAzKdoYw3l/e3pm3vlT4IbQ==",
      "dev": true
    }
  }
}
