{
  "name": "angular-wrapper-kendo-ui",
  "version": "0.0.7",
  "lockfileVersion": 1,
  "requires": true,
  "dependencies": {
    "@progress/kendo-ui": {
      "version": "2020.1.115",
      "resolved": "https://registry.npmjs.org/@progress/kendo-ui/-/kendo-ui-2020.1.115.tgz",
      "integrity": "sha512-rKW2w7uUhupOEZsvtrGOsQFTAkfgJJ8jNqi7m2donb0eoRf2vU8iJKyXmVGYbJNaNzJVgbiuZK5CuUntVlzxug==",
      "dev": true,
      "requires": {
        "jquery": "<=3"
      }
    },
    "@types/jquery": {
      "version": "3.3.6",
      "resolved": "https://registry.npmjs.org/@types/jquery/-/jquery-3.3.6.tgz",
      "integrity": "sha512-403D4wN95Mtzt2EoQHARf5oe/jEPhzBOBNrunk+ydQGW8WmkQ/E8rViRAEB1qEt/vssfGfNVD6ujP4FVeegrLg==",
      "dev": true
    },
    "@types/kendo-ui": {
      "version": "2020.1.0",
      "resolved": "https://registry.npmjs.org/@types/kendo-ui/-/kendo-ui-2020.1.0.tgz",
      "integrity": "sha512-wRFPz6qPb/JSXJ0ZrCwueViUjNKtOXo8JxFDdCxW3oYeN1rE+fhiDTL0JoPuAotSD5KiHB/Lf/4+daXkDxTvLA==",
      "dev": true,
      "requires": {
        "@types/jquery": "*"
      }
    },
    "@types/node": {
      "version": "10.14.22",
      "resolved": "https://registry.npmjs.org/@types/node/-/node-10.14.22.tgz",
      "integrity": "sha512-9taxKC944BqoTVjE+UT3pQH0nHZlTvITwfsOZqyc+R3sfJuxaTtxWjfn1K2UlxyPcKHf0rnaXcVFrS9F9vf0bw==",
      "dev": true
    },
    "jquery": {
      "version": "3.4.0",
      "resolved": "https://registry.npmjs.org/jquery/-/jquery-3.4.0.tgz",
      "integrity": "sha512-ggRCXln9zEqv6OqAGXFEcshF5dSBvCkzj6Gm2gzuR5fWawaX8t7cxKVkkygKODrDAzKdoYw3l/e3pm3vlT4IbQ==",
      "dev": true
    }
  }
}
